
Microsoft Visual Studio Solution File, Format Version 12.00
# Visual Studio Version 17
VisualStudioVersion = 17.3.32505.426
MinimumVisualStudioVersion = 10.0.40219.1
Project("{9A19103F-16F7-4668-BE54-9A1E7A4F7556}") = "Super.Carrera.Digital", "Super.Carrera.Digital\Super.Carrera.Digital.csproj", "{C9504479-D8B7-4CBD-8FCF-5AC595602F85}"
EndProject
Project("{9A19103F-16F7-4668-BE54-9A1E7A4F7556}") = "Super.Carrera.Digital.Contract", "Super.Carrera.Digital.Contract\Super.Carrera.Digital.Contract.csproj", "{661593C6-C7E0-44D5-8487-9FD838AAAB37}"
EndProject
Project("{9A19103F-16F7-4668-BE54-9A1E7A4F7556}") = "Super.Carrera.Digital.Blazm.Bluetooth", "Super.Carrera.Digital.Blazm.Bluetooth\Super.Carrera.Digital.Blazm.Bluetooth.csproj", "{2314A4CD-AAFF-420C-9A4A-F3509B7CFE16}"
EndProject
Project("{FAE04EC0-301F-11D3-BF4B-00C04F79EFBC}") = "Super.Carrera.Digital.Blazor.Server", "Super.Carrera.Digital.Blazor\Server\Super.Carrera.Digital.Blazor.Server.csproj", "{E295BD32-03A8-4AB8-A104-94FE5B900FD2}"
EndProject
Project("{FAE04EC0-301F-11D3-BF4B-00C04F79EFBC}") = "Super.Carrera.Digital.Blazor.Client", "Super.Carrera.Digital.Blazor\Client\Super.Carrera.Digital.Blazor.Client.csproj", "{146A6C33-E2EE-4D91-A1E6-AF388101E9B3}"
EndProject
Project("{FAE04EC0-301F-11D3-BF4B-00C04F79EFBC}") = "Super.Carrera.Digital.Blazor.Shared", "Super.Carrera.Digital.Blazor\Shared\Super.Carrera.Digital.Blazor.Shared.csproj", "{028CFA11-C82B-4B14-A800-2C7FD4233839}"
EndProject
Global
	GlobalSection(SolutionConfigurationPlatforms) = preSolution
		Debug|Any CPU = Debug|Any CPU
		Release|Any CPU = Release|Any CPU
	EndGlobalSection
	GlobalSection(ProjectConfigurationPlatforms) = postSolution
		{C9504479-D8B7-4CBD-8FCF-5AC595602F85}.Debug|Any CPU.ActiveCfg = Debug|Any CPU
		{C9504479-D8B7-4CBD-8FCF-5AC595602F85}.Debug|Any CPU.Build.0 = Debug|Any CPU
		{C9504479-D8B7-4CBD-8FCF-5AC595602F85}.Release|Any CPU.ActiveCfg = Release|Any CPU
		{C9504479-D8B7-4CBD-8FCF-5AC595602F85}.Release|Any CPU.Build.0 = Release|Any CPU
		{661593C6-C7E0-44D5-8487-9FD838AAAB37}.Debug|Any CPU.ActiveCfg = Debug|Any CPU
		{661593C6-C7E0-44D5-8487-9FD838AAAB37}.Debug|Any CPU.Build.0 = Debug|Any CPU
		{661593C6-C7E0-44D5-8487-9FD838AAAB37}.Release|Any CPU.ActiveCfg = Release|Any CPU
		{661593C6-C7E0-44D5-8487-9FD838AAAB37}.Release|Any CPU.Build.0 = Release|Any CPU
		{2314A4CD-AAFF-420C-9A4A-F3509B7CFE16}.Debug|Any CPU.ActiveCfg = Debug|Any CPU
		{2314A4CD-AAFF-420C-9A4A-F3509B7CFE16}.Debug|Any CPU.Build.0 = Debug|Any CPU
		{2314A4CD-AAFF-420C-9A4A-F3509B7CFE16}.Release|Any CPU.ActiveCfg = Release|Any CPU
		{2314A4CD-AAFF-420C-9A4A-F3509B7CFE16}.Release|Any CPU.Build.0 = Release|Any CPU
		{E295BD32-03A8-4AB8-A104-94FE5B900FD2}.Debug|Any CPU.ActiveCfg = Debug|Any CPU
		{E295BD32-03A8-4AB8-A104-94FE5B900FD2}.Debug|Any CPU.Build.0 = Debug|Any CPU
		{E295BD32-03A8-4AB8-A104-94FE5B900FD2}.Release|Any CPU.ActiveCfg = Release|Any CPU
		{E295BD32-03A8-4AB8-A104-94FE5B900FD2}.Release|Any CPU.Build.0 = Release|Any CPU
		{146A6C33-E2EE-4D91-A1E6-AF388101E9B3}.Debug|Any CPU.ActiveCfg = Debug|Any CPU
		{146A6C33-E2EE-4D91-A1E6-AF388101E9B3}.Debug|Any CPU.Build.0 = Debug|Any CPU
		{146A6C33-E2EE-4D91-A1E6-AF388101E9B3}.Release|Any CPU.ActiveCfg = Release|Any CPU
		{146A6C33-E2EE-4D91-A1E6-AF388101E9B3}.Release|Any CPU.Build.0 = Release|Any CPU
		{028CFA11-C82B-4B14-A800-2C7FD4233839}.Debug|Any CPU.ActiveCfg = Debug|Any CPU
		{028CFA11-C82B-4B14-A800-2C7FD4233839}.Debug|Any CPU.Build.0 = Debug|Any CPU
		{028CFA11-C82B-4B14-A800-2C7FD4233839}.Release|Any CPU.ActiveCfg = Release|Any CPU
		{028CFA11-C82B-4B14-A800-2C7FD4233839}.Release|Any CPU.Build.0 = Release|Any CPU
	EndGlobalSection
	GlobalSection(SolutionProperties) = preSolution
		HideSolutionNode = FALSE
	EndGlobalSection
	GlobalSection(ExtensibilityGlobals) = postSolution
		SolutionGuid = {1DDA6552-7879-4894-9036-5CC4A98CB1E4}
	EndGlobalSection
EndGlobal
